<?xml version="1.0" encoding="UTF-8" standalone="yes" ?>
<CodeBlocks_project_file>
	<FileVersion major="1" minor="6" />
	<Project>
		<Option title="tinylog_test" />
		<Option pch_mode="2" />
		<Option compiler="gcc" />
		<Build>
			<Target title="Debug">
				<Option output="bin/tinylog_test" prefix_auto="1" extension_auto="1" />
				<Option object_output="temp/" />
				<Option type="1" />
				<Option compiler="gcc" />
				<Compiler>
					<Add option="-g" />
				</Compiler>
			</Target>
		</Build>
		<Compiler>
			<Add option="-Wall" />
			<Add directory="../submod/genutil" />
			<Add directory=".." />
		</Compiler>
		<Unit filename="../submod/genutil/gen/systime.c">
			<Option compilerVar="CC" />
		</Unit>
		<Unit filename="../submod/genutil/gen/systime.h" />
		<Unit filename="../submod/genutil/gen/timeinf.c">
			<Option compilerVar="CC" />
		</Unit>
		<Unit filename="../submod/genutil/gen/timeinf.h" />
		<Unit filename="../tlog.c">
			<Option compilerVar="CC" />
		</Unit>
		<Unit filename="../tlog.h" />
		<Unit filename="main.c">
			<Option compilerVar="CC" />
		</Unit>
		<Extensions>
			<code_completion />
			<envvars />
			<debugger />
			<lib_finder disable_auto="1" />
		</Extensions>
	</Project>
</CodeBlocks_project_file>
